
Microsoft Visual Studio Solution File, Format Version 12.00
# Visual Studio Version 16
VisualStudioVersion = 16.0.31702.278
MinimumVisualStudioVersion = 10.0.40219.1
Project("{FAE04EC0-301F-11D3-BF4B-00C04F79EFBC}") = "Prueba2_ParcialPrimercorte", "Prueba2_ParcialPrimercorte\Prueba2_ParcialPrimercorte.csproj", "{6A7D5DDA-689F-4FDA-A0A4-971BD6049986}"
EndProject
Global
	GlobalSection(SolutionConfigurationPlatforms) = preSolution
		Debug|Any CPU = Debug|Any CPU
		Release|Any CPU = Release|Any CPU
	EndGlobalSection
	GlobalSection(ProjectConfigurationPlatforms) = postSolution
		{6A7D5DDA-689F-4FDA-A0A4-971BD6049986}.Debug|Any CPU.ActiveCfg = Debug|Any CPU
		{6A7D5DDA-689F-4FDA-A0A4-971BD6049986}.Debug|Any CPU.Build.0 = Debug|Any CPU
		{6A7D5DDA-689F-4FDA-A0A4-971BD6049986}.Release|Any CPU.ActiveCfg = Release|Any CPU
		{6A7D5DDA-689F-4FDA-A0A4-971BD6049986}.Release|Any CPU.Build.0 = Release|Any CPU
	EndGlobalSection
	GlobalSection(SolutionProperties) = preSolution
		HideSolutionNode = FALSE
	EndGlobalSection
	GlobalSection(ExtensibilityGlobals) = postSolution
		SolutionGuid = {05A61824-11D2-426E-B83A-ED542FA4005F}
	EndGlobalSection
EndGlobal
